
Microsoft Visual Studio Solution File, Format Version 12.00
# Visual Studio Version 17
VisualStudioVersion = 17.11.35222.181
MinimumVisualStudioVersion = 10.0.40219.1
Project("{FAE04EC0-301F-11D3-BF4B-00C04F79EFBC}") = "Payload", "Real_cli\Payload.csproj", "{8923C4D9-3FBF-4CF3-8A63-C5102293B774}"
EndProject
Global
	GlobalSection(SolutionConfigurationPlatforms) = preSolution
		Debug|Any CPU = Debug|Any CPU
		Release|Any CPU = Release|Any CPU
	EndGlobalSection
	GlobalSection(ProjectConfigurationPlatforms) = postSolution
		{8923C4D9-3FBF-4CF3-8A63-C5102293B774}.Debug|Any CPU.ActiveCfg = Debug|Any CPU
		{8923C4D9-3FBF-4CF3-8A63-C5102293B774}.Debug|Any CPU.Build.0 = Debug|Any CPU
		{8923C4D9-3FBF-4CF3-8A63-C5102293B774}.Release|Any CPU.ActiveCfg = Release|Any CPU
		{8923C4D9-3FBF-4CF3-8A63-C5102293B774}.Release|Any CPU.Build.0 = Release|Any CPU
	EndGlobalSection
	GlobalSection(SolutionProperties) = preSolution
		HideSolutionNode = FALSE
	EndGlobalSection
	GlobalSection(ExtensibilityGlobals) = postSolution
		SolutionGuid = {D65609C6-F70E-42CE-8EBB-D1DE07623F9E}
	EndGlobalSection
EndGlobal
